
Microsoft Visual Studio Solution File, Format Version 12.00
# Visual Studio 15
VisualStudioVersion = 15.0.27703.2000
MinimumVisualStudioVersion = 10.0.40219.1
Project("{8BC9CEB8-8B4A-11D0-8D11-00A0C91BC942}") = "Core_CPP", "Core_CPP\Core_CPP.vcxproj", "{C102AB86-48D6-44C7-970D-0886C24372EE}"
EndProject
Project("{FAE04EC0-301F-11D3-BF4B-00C04F79EFBC}") = "midas_challenge", "UI_CSharp\midas_challenge.csproj", "{63126434-9366-4A88-A030-78ADF9159E01}"
EndProject
Global
	GlobalSection(SolutionConfigurationPlatforms) = preSolution
		Debug|Any CPU = Debug|Any CPU
		Debug|x64 = Debug|x64
		Debug|x86 = Debug|x86
		Release|Any CPU = Release|Any CPU
		Release|x64 = Release|x64
		Release|x86 = Release|x86
	EndGlobalSection
	GlobalSection(ProjectConfigurationPlatforms) = postSolution
		{C102AB86-48D6-44C7-970D-0886C24372EE}.Debug|Any CPU.ActiveCfg = Debug|Win32
		{C102AB86-48D6-44C7-970D-0886C24372EE}.Debug|x64.ActiveCfg = Debug|x64
		{C102AB86-48D6-44C7-970D-0886C24372EE}.Debug|x64.Build.0 = Debug|x64
		{C102AB86-48D6-44C7-970D-0886C24372EE}.Debug|x86.ActiveCfg = Debug|Win32
		{C102AB86-48D6-44C7-970D-0886C24372EE}.Debug|x86.Build.0 = Debug|Win32
		{C102AB86-48D6-44C7-970D-0886C24372EE}.Release|Any CPU.ActiveCfg = Release|Win32
		{C102AB86-48D6-44C7-970D-0886C24372EE}.Release|x64.ActiveCfg = Release|x64
		{C102AB86-48D6-44C7-970D-0886C24372EE}.Release|x64.Build.0 = Release|x64
		{C102AB86-48D6-44C7-970D-0886C24372EE}.Release|x86.ActiveCfg = Release|Win32
		{C102AB86-48D6-44C7-970D-0886C24372EE}.Release|x86.Build.0 = Release|Win32
		{63126434-9366-4A88-A030-78ADF9159E01}.Debug|Any CPU.ActiveCfg = Debug|Any CPU
		{63126434-9366-4A88-A030-78ADF9159E01}.Debug|Any CPU.Build.0 = Debug|Any CPU
		{63126434-9366-4A88-A030-78ADF9159E01}.Debug|x64.ActiveCfg = Debug|Any CPU
		{63126434-9366-4A88-A030-78ADF9159E01}.Debug|x64.Build.0 = Debug|Any CPU
		{63126434-9366-4A88-A030-78ADF9159E01}.Debug|x86.ActiveCfg = Debug|Any CPU
		{63126434-9366-4A88-A030-78ADF9159E01}.Debug|x86.Build.0 = Debug|Any CPU
		{63126434-9366-4A88-A030-78ADF9159E01}.Release|Any CPU.ActiveCfg = Release|Any CPU
		{63126434-9366-4A88-A030-78ADF9159E01}.Release|Any CPU.Build.0 = Release|Any CPU
		{63126434-9366-4A88-A030-78ADF9159E01}.Release|x64.ActiveCfg = Release|Any CPU
		{63126434-9366-4A88-A030-78ADF9159E01}.Release|x64.Build.0 = Release|Any CPU
		{63126434-9366-4A88-A030-78ADF9159E01}.Release|x86.ActiveCfg = Release|Any CPU
		{63126434-9366-4A88-A030-78ADF9159E01}.Release|x86.Build.0 = Release|Any CPU
	EndGlobalSection
	GlobalSection(SolutionProperties) = preSolution
		HideSolutionNode = FALSE
	EndGlobalSection
	GlobalSection(ExtensibilityGlobals) = postSolution
		SolutionGuid = {11EE04CC-735A-4849-B277-A64301FF3544}
	EndGlobalSection
EndGlobal
